
Microsoft Visual Studio Solution File, Format Version 12.00
# Visual Studio 15
VisualStudioVersion = 15.0.28307.102
MinimumVisualStudioVersion = 10.0.40219.1
Project("{FAE04EC0-301F-11D3-BF4B-00C04F79EFBC}") = "Delfiles", "Delfiles\Delfiles.csproj", "{5E68731E-F6FB-4476-9D83-176A4B04D1DD}"
EndProject
Global
	GlobalSection(SolutionConfigurationPlatforms) = preSolution
		Debug|Any CPU = Debug|Any CPU
		Release|Any CPU = Release|Any CPU
	EndGlobalSection
	GlobalSection(ProjectConfigurationPlatforms) = postSolution
		{5E68731E-F6FB-4476-9D83-176A4B04D1DD}.Debug|Any CPU.ActiveCfg = Debug|Any CPU
		{5E68731E-F6FB-4476-9D83-176A4B04D1DD}.Debug|Any CPU.Build.0 = Debug|Any CPU
		{5E68731E-F6FB-4476-9D83-176A4B04D1DD}.Release|Any CPU.ActiveCfg = Release|Any CPU
		{5E68731E-F6FB-4476-9D83-176A4B04D1DD}.Release|Any CPU.Build.0 = Release|Any CPU
	EndGlobalSection
	GlobalSection(SolutionProperties) = preSolution
		HideSolutionNode = FALSE
	EndGlobalSection
	GlobalSection(ExtensibilityGlobals) = postSolution
		SolutionGuid = {92C987B6-1699-4B83-8DB9-02C61E572205}
	EndGlobalSection
EndGlobal
